# THIS IS AN AUTOGENERATED FILE. DO NOT EDIT THIS FILE DIRECTLY.
# yarn lockfile v1


todomvc-app-css@^2.0.1:
  version "2.1.2"
  resolved "https://registry.yarnpkg.com/todomvc-app-css/-/todomvc-app-css-2.1.2.tgz#f644c1308ba51b983436497e30f3abe961ca9c62"

todomvc-common@^1.0.2:
  version "1.0.5"
  resolved "https://registry.yarnpkg.com/todomvc-common/-/todomvc-common-1.0.5.tgz#8c3e799ac9f1fc1573e0c204f984510826914730"

typescript@^2.9.2:
  version "2.9.2"
  resolved "https://registry.yarnpkg.com/typescript/-/typescript-2.9.2.tgz#1cbf61d05d6b96269244eb6a3bce4bd914e0f00c"
